
Microsoft Visual Studio Solution File, Format Version 12.00
# Visual Studio 15
VisualStudioVersion = 15.0.28307.572
MinimumVisualStudioVersion = 10.0.40219.1
Project("{FAE04EC0-301F-11D3-BF4B-00C04F79EFBC}") = "WP_Test", "W-P_Test\WP_Test.csproj", "{1ADC7F33-3C8C-4F5A-8EE1-701F2C5DECFB}"
EndProject
Global
	GlobalSection(SolutionConfigurationPlatforms) = preSolution
		Debug|Any CPU = Debug|Any CPU
		Release|Any CPU = Release|Any CPU
	EndGlobalSection
	GlobalSection(ProjectConfigurationPlatforms) = postSolution
		{1ADC7F33-3C8C-4F5A-8EE1-701F2C5DECFB}.Debug|Any CPU.ActiveCfg = Debug|Any CPU
		{1ADC7F33-3C8C-4F5A-8EE1-701F2C5DECFB}.Debug|Any CPU.Build.0 = Debug|Any CPU
		{1ADC7F33-3C8C-4F5A-8EE1-701F2C5DECFB}.Release|Any CPU.ActiveCfg = Release|Any CPU
		{1ADC7F33-3C8C-4F5A-8EE1-701F2C5DECFB}.Release|Any CPU.Build.0 = Release|Any CPU
	EndGlobalSection
	GlobalSection(SolutionProperties) = preSolution
		HideSolutionNode = FALSE
	EndGlobalSection
	GlobalSection(ExtensibilityGlobals) = postSolution
		SolutionGuid = {B71FBBB5-6866-4FD6-9EAE-D661EB6BD9CA}
	EndGlobalSection
EndGlobal
